// !$*UTF8*$!
{
	archiveVersion = 1;
	classes = {
	};
	objectVersion = 56;
	objects = {

/* Begin PBXBuildFile section */
		1819C2B62BE490D8006E83D1 /* main.cpp in Sources */ = {isa = PBXBuildFile; fileRef = 1819C2B52BE490D8006E83D1 /* main.cpp */; };
		1819C2BF2BE4911A006E83D1 /* RBTree.cpp in Sources */ = {isa = PBXBuildFile; fileRef = 1819C2BE2BE4911A006E83D1 /* RBTree.cpp */; };
		1819C2C12BE4912C006E83D1 /* Hash-Table.cpp in Sources */ = {isa = PBXBuildFile; fileRef = 1819C2C02BE4912C006E83D1 /* Hash-Table.cpp */; };
		182F688D2BEE050C005E5E40 /* BTree.cpp in Sources */ = {isa = PBXBuildFile; fileRef = 182F688C2BEE050C005E5E40 /* BTree.cpp */; };
/* End PBXBuildFile section */

/* Begin PBXCopyFilesBuildPhase section */
		1819C2B02BE490D8006E83D1 /* CopyFiles */ = {
			isa = PBXCopyFilesBuildPhase;
			buildActionMask = 2147483647;
			dstPath = /usr/share/man/man1/;
			dstSubfolderSpec = 0;
			files = (
			);
			runOnlyForDeploymentPostprocessing = 1;
		};
/* End PBXCopyFilesBuildPhase section */

/* Begin PBXFileReference section */
		1819C2B22BE490D8006E83D1 /* BlackRed */ = {isa = PBXFileReference; explicitFileType = "compiled.mach-o.executable"; includeInIndex = 0; path = BlackRed; sourceTree = BUILT_PRODUCTS_DIR; };
		1819C2B52BE490D8006E83D1 /* main.cpp */ = {isa = PBXFileReference; fileEncoding = 4; lastKnownFileType = sourcecode.cpp.cpp; path = main.cpp; sourceTree = "<group>"; };
		1819C2BC2BE490F3006E83D1 /* RBTree.h */ = {isa = PBXFileReference; fileEncoding = 4; lastKnownFileType = sourcecode.c.h; path = RBTree.h; sourceTree = "<group>"; };
		1819C2BD2BE49106006E83D1 /* Hash-Table.h */ = {isa = PBXFileReference; fileEncoding = 4; lastKnownFileType = sourcecode.c.h; path = "Hash-Table.h"; sourceTree = "<group>"; };
		1819C2BE2BE4911A006E83D1 /* RBTree.cpp */ = {isa = PBXFileReference; fileEncoding = 4; lastKnownFileType = sourcecode.cpp.cpp; path = RBTree.cpp; sourceTree = "<group>"; };
		1819C2C02BE4912C006E83D1 /* Hash-Table.cpp */ = {isa = PBXFileReference; fileEncoding = 4; lastKnownFileType = sourcecode.cpp.cpp; path = "Hash-Table.cpp"; sourceTree = "<group>"; };
		182F688B2BEE03E6005E5E40 /* BTree.h */ = {isa = PBXFileReference; lastKnownFileType = sourcecode.c.h; path = BTree.h; sourceTree = "<group>"; };
		182F688C2BEE050C005E5E40 /* BTree.cpp */ = {isa = PBXFileReference; lastKnownFileType = sourcecode.cpp.cpp; path = BTree.cpp; sourceTree = "<group>"; };
		185D35562BFAF3BE00028300 /* source.h */ = {isa = PBXFileReference; lastKnownFileType = sourcecode.c.h; path = source.h; sourceTree = "<group>"; };
/* End PBXFileReference section */

/* Begin PBXFrameworksBuildPhase section */
		1819C2AF2BE490D8006E83D1 /* Frameworks */ = {
			isa = PBXFrameworksBuildPhase;
			buildActionMask = 2147483647;
			files = (
			);
			runOnlyForDeploymentPostprocessing = 0;
		};
/* End PBXFrameworksBuildPhase section */

/* Begin PBXGroup section */
		1819C2A92BE490D8006E83D1 = {
			isa = PBXGroup;
			children = (
				1819C2B42BE490D8006E83D1 /* BlackRed */,
				1819C2B32BE490D8006E83D1 /* Products */,
			);
			sourceTree = "<group>";
		};
		1819C2B32BE490D8006E83D1 /* Products */ = {
			isa = PBXGroup;
			children = (
				1819C2B22BE490D8006E83D1 /* BlackRed */,
			);
			name = Products;
			sourceTree = "<group>";
		};
		1819C2B42BE490D8006E83D1 /* BlackRed */ = {
			isa = PBXGroup;
			children = (
				1819C2B52BE490D8006E83D1 /* main.cpp */,
				182F688B2BEE03E6005E5E40 /* BTree.h */,
				182F688C2BEE050C005E5E40 /* BTree.cpp */,
				185D35562BFAF3BE00028300 /* source.h */,
				1819C2BC2BE490F3006E83D1 /* RBTree.h */,
				1819C2BD2BE49106006E83D1 /* Hash-Table.h */,
				1819C2BE2BE4911A006E83D1 /* RBTree.cpp */,
				1819C2C02BE4912C006E83D1 /* Hash-Table.cpp */,
			);
			path = BlackRed;
			sourceTree = "<group>";
		};
/* End PBXGroup section */

/* Begin PBXNativeTarget section */
		1819C2B12BE490D8006E83D1 /* BlackRed */ = {
			isa = PBXNativeTarget;
			buildConfigurationList = 1819C2B92BE490D8006E83D1 /* Build configuration list for PBXNativeTarget "BlackRed" */;
			buildPhases = (
				1819C2AE2BE490D8006E83D1 /* Sources */,
				1819C2AF2BE490D8006E83D1 /* Frameworks */,
				1819C2B02BE490D8006E83D1 /* CopyFiles */,
			);
			buildRules = (
			);
			dependencies = (
			);
			name = BlackRed;
			productName = BlackRed;
			productReference = 1819C2B22BE490D8006E83D1 /* BlackRed */;
			productType = "com.apple.product-type.tool";
		};
/* End PBXNativeTarget section */

/* Begin PBXProject section */
		1819C2AA2BE490D8006E83D1 /* Project object */ = {
			isa = PBXProject;
			attributes = {
				BuildIndependentTargetsInParallel = 1;
				LastUpgradeCheck = 1530;
				TargetAttributes = {
					1819C2B12BE490D8006E83D1 = {
						CreatedOnToolsVersion = 15.3;
					};
				};
			};
			buildConfigurationList = 1819C2AD2BE490D8006E83D1 /* Build configuration list for PBXProject "BlackRed" */;
			compatibilityVersion = "Xcode 14.0";
			developmentRegion = en;
			hasScannedForEncodings = 0;
			knownRegions = (
				en,
				Base,
			);
			mainGroup = 1819C2A92BE490D8006E83D1;
			productRefGroup = 1819C2B32BE490D8006E83D1 /* Products */;
			projectDirPath = "";
			projectRoot = "";
			targets = (
				1819C2B12BE490D8006E83D1 /* BlackRed */,
			);
		};
/* End PBXProject section */

/* Begin PBXSourcesBuildPhase section */
		1819C2AE2BE490D8006E83D1 /* Sources */ = {
			isa = PBXSourcesBuildPhase;
			buildActionMask = 2147483647;
			files = (
				182F688D2BEE050C005E5E40 /* BTree.cpp in Sources */,
				1819C2B62BE490D8006E83D1 /* main.cpp in Sources */,
				1819C2C12BE4912C006E83D1 /* Hash-Table.cpp in Sources */,
				1819C2BF2BE4911A006E83D1 /* RBTree.cpp in Sources */,
			);
			runOnlyForDeploymentPostprocessing = 0;
		};
/* End PBXSourcesBuildPhase section */

/* Begin XCBuildConfiguration section */
		1819C2B72BE490D8006E83D1 /* Debug */ = {
			isa = XCBuildConfiguration;
			buildSettings = {
				ALWAYS_SEARCH_USER_PATHS = NO;
				ASSETCATALOG_COMPILER_GENERATE_SWIFT_ASSET_SYMBOL_EXTENSIONS = YES;
				CLANG_ANALYZER_NONNULL = YES;
				CLANG_ANALYZER_NUMBER_OBJECT_CONVERSION = YES_AGGRESSIVE;
				CLANG_CXX_LANGUAGE_STANDARD = "gnu++20";
				CLANG_ENABLE_MODULES = YES;
				CLANG_ENABLE_OBJC_ARC = YES;
				CLANG_ENABLE_OBJC_WEAK = YES;
				CLANG_WARN_BLOCK_CAPTURE_AUTORELEASING = YES;
				CLANG_WARN_BOOL_CONVERSION = YES;
				CLANG_WARN_COMMA = YES;
				CLANG_WARN_CONSTANT_CONVERSION = YES;
				CLANG_WARN_DEPRECATED_OBJC_IMPLEMENTATIONS = YES;
				CLANG_WARN_DIRECT_OBJC_ISA_USAGE = YES_ERROR;
				CLANG_WARN_DOCUMENTATION_COMMENTS = YES;
				CLANG_WARN_EMPTY_BODY = YES;
				CLANG_WARN_ENUM_CONVERSION = YES;
				CLANG_WARN_INFINITE_RECURSION = YES;
				CLANG_WARN_INT_CONVERSION = YES;
				CLANG_WARN_NON_LITERAL_NULL_CONVERSION = YES;
				CLANG_WARN_OBJC_IMPLICIT_RETAIN_SELF = YES;
				CLANG_WARN_OBJC_LITERAL_CONVERSION = YES;
				CLANG_WARN_OBJC_ROOT_CLASS = YES_ERROR;
				CLANG_WARN_QUOTED_INCLUDE_IN_FRAMEWORK_HEADER = YES;
				CLANG_WARN_RANGE_LOOP_ANALYSIS = YES;
				CLANG_WARN_STRICT_PROTOTYPES = YES;
				CLANG_WARN_SUSPICIOUS_MOVE = YES;
				CLANG_WARN_UNGUARDED_AVAILABILITY = YES_AGGRESSIVE;
				CLANG_WARN_UNREACHABLE_CODE = YES;
				CLANG_WARN__DUPLICATE_METHOD_MATCH = YES;
				COPY_PHASE_STRIP = NO;
				DEBUG_INFORMATION_FORMAT = dwarf;
				ENABLE_STRICT_OBJC_MSGSEND = YES;
				ENABLE_TESTABILITY = YES;
				ENABLE_USER_SCRIPT_SANDBOXING = YES;
				GCC_C_LANGUAGE_STANDARD = gnu17;
				GCC_DYNAMIC_NO_PIC = NO;
				GCC_NO_COMMON_BLOCKS = YES;
				GCC_OPTIMIZATION_LEVEL = 0;
				GCC_PREPROCESSOR_DEFINITIONS = (
					"DEBUG=1",
					"$(inherited)",
				);
				GCC_WARN_64_TO_32_BIT_CONVERSION = YES;
				GCC_WARN_ABOUT_RETURN_TYPE = YES_ERROR;
				GCC_WARN_UNDECLARED_SELECTOR = YES;
				GCC_WARN_UNINITIALIZED_AUTOS = YES_AGGRESSIVE;
				GCC_WARN_UNUSED_FUNCTION = YES;
				GCC_WARN_UNUSED_VARIABLE = YES;
				LOCALIZATION_PREFERS_STRING_CATALOGS = YES;
				MACOSX_DEPLOYMENT_TARGET = 14.4;
				MTL_ENABLE_DEBUG_INFO = INCLUDE_SOURCE;
				MTL_FAST_MATH = YES;
				ONLY_ACTIVE_ARCH = YES;
				SDKROOT = macosx;
			};
			name = Debug;
		};
		1819C2B82BE490D8006E83D1 /* Release */ = {
			isa = XCBuildConfiguration;
			buildSettings = {
				ALWAYS_SEARCH_USER_PATHS = NO;
				ASSETCATALOG_COMPILER_GENERATE_SWIFT_ASSET_SYMBOL_EXTENSIONS = YES;
				CLANG_ANALYZER_NONNULL = YES;
				CLANG_ANALYZER_NUMBER_OBJECT_CONVERSION = YES_AGGRESSIVE;
				CLANG_CXX_LANGUAGE_STANDARD = "gnu++20";
				CLANG_ENABLE_MODULES = YES;
				CLANG_ENABLE_OBJC_ARC = YES;
				CLANG_ENABLE_OBJC_WEAK = YES;
				CLANG_WARN_BLOCK_CAPTURE_AUTORELEASING = YES;
				CLANG_WARN_BOOL_CONVERSION = YES;
				CLANG_WARN_COMMA = YES;
				CLANG_WARN_CONSTANT_CONVERSION = YES;
				CLANG_WARN_DEPRECATED_OBJC_IMPLEMENTATIONS = YES;
				CLANG_WARN_DIRECT_OBJC_ISA_USAGE = YES_ERROR;
				CLANG_WARN_DOCUMENTATION_COMMENTS = YES;
				CLANG_WARN_EMPTY_BODY = YES;
				CLANG_WARN_ENUM_CONVERSION = YES;
				CLANG_WARN_INFINITE_RECURSION = YES;
				CLANG_WARN_INT_CONVERSION = YES;
				CLANG_WARN_NON_LITERAL_NULL_CONVERSION = YES;
				CLANG_WARN_OBJC_IMPLICIT_RETAIN_SELF = YES;
				CLANG_WARN_OBJC_LITERAL_CONVERSION = YES;
				CLANG_WARN_OBJC_ROOT_CLASS = YES_ERROR;
				CLANG_WARN_QUOTED_INCLUDE_IN_FRAMEWORK_HEADER = YES;
				CLANG_WARN_RANGE_LOOP_ANALYSIS = YES;
				CLANG_WARN_STRICT_PROTOTYPES = YES;
				CLANG_WARN_SUSPICIOUS_MOVE = YES;
				CLANG_WARN_UNGUARDED_AVAILABILITY = YES_AGGRESSIVE;
				CLANG_WARN_UNREACHABLE_CODE = YES;
				CLANG_WARN__DUPLICATE_METHOD_MATCH = YES;
				COPY_PHASE_STRIP = NO;
				DEBUG_INFORMATION_FORMAT = "dwarf-with-dsym";
				ENABLE_NS_ASSERTIONS = NO;
				ENABLE_STRICT_OBJC_MSGSEND = YES;
				ENABLE_USER_SCRIPT_SANDBOXING = YES;
				GCC_C_LANGUAGE_STANDARD = gnu17;
				GCC_NO_COMMON_BLOCKS = YES;
				GCC_WARN_64_TO_32_BIT_CONVERSION = YES;
				GCC_WARN_ABOUT_RETURN_TYPE = YES_ERROR;
				GCC_WARN_UNDECLARED_SELECTOR = YES;
				GCC_WARN_UNINITIALIZED_AUTOS = YES_AGGRESSIVE;
				GCC_WARN_UNUSED_FUNCTION = YES;
				GCC_WARN_UNUSED_VARIABLE = YES;
				LOCALIZATION_PREFERS_STRING_CATALOGS = YES;
				MACOSX_DEPLOYMENT_TARGET = 14.4;
				MTL_ENABLE_DEBUG_INFO = NO;
				MTL_FAST_MATH = YES;
				SDKROOT = macosx;
			};
			name = Release;
		};
		1819C2BA2BE490D8006E83D1 /* Debug */ = {
			isa = XCBuildConfiguration;
			buildSettings = {
				CODE_SIGN_STYLE = Automatic;
				PRODUCT_NAME = "$(TARGET_NAME)";
			};
			name = Debug;
		};
		1819C2BB2BE490D8006E83D1 /* Release */ = {
			isa = XCBuildConfiguration;
			buildSettings = {
				CODE_SIGN_STYLE = Automatic;
				PRODUCT_NAME = "$(TARGET_NAME)";
			};
			name = Release;
		};
/* End XCBuildConfiguration section */

/* Begin XCConfigurationList section */
		1819C2AD2BE490D8006E83D1 /* Build configuration list for PBXProject "BlackRed" */ = {
			isa = XCConfigurationList;
			buildConfigurations = (
				1819C2B72BE490D8006E83D1 /* Debug */,
				1819C2B82BE490D8006E83D1 /* Release */,
			);
			defaultConfigurationIsVisible = 0;
			defaultConfigurationName = Release;
		};
		1819C2B92BE490D8006E83D1 /* Build configuration list for PBXNativeTarget "BlackRed" */ = {
			isa = XCConfigurationList;
			buildConfigurations = (
				1819C2BA2BE490D8006E83D1 /* Debug */,
				1819C2BB2BE490D8006E83D1 /* Release */,
			);
			defaultConfigurationIsVisible = 0;
			defaultConfigurationName = Release;
		};
/* End XCConfigurationList section */
	};
	rootObject = 1819C2AA2BE490D8006E83D1 /* Project object */;
}
